Microsoft Visual Studio Solution File, Format Version 12.00
# Visual Studio 2012
Project("{FAE04EC0-301F-11D3-BF4B-00C04F79EFBC}") = "Deliver-Bullets", "Deliver-Bullets.csproj", "{D19F6864-4F51-43D7-9BE3-A47ECC20915A}"
EndProject
Global
	GlobalSection(SolutionConfigurationPlatforms) = preSolution
	Debug|Any CPU = Debug|Any CPU
	ExportDebug|Any CPU = ExportDebug|Any CPU
	ExportRelease|Any CPU = ExportRelease|Any CPU
	EndGlobalSection
	GlobalSection(ProjectConfigurationPlatforms) = postSolution
		{D19F6864-4F51-43D7-9BE3-A47ECC20915A}.Debug|Any CPU.ActiveCfg = Debug|Any CPU
		{D19F6864-4F51-43D7-9BE3-A47ECC20915A}.Debug|Any CPU.Build.0 = Debug|Any CPU
		{D19F6864-4F51-43D7-9BE3-A47ECC20915A}.ExportDebug|Any CPU.ActiveCfg = ExportDebug|Any CPU
		{D19F6864-4F51-43D7-9BE3-A47ECC20915A}.ExportDebug|Any CPU.Build.0 = ExportDebug|Any CPU
		{D19F6864-4F51-43D7-9BE3-A47ECC20915A}.ExportRelease|Any CPU.ActiveCfg = ExportRelease|Any CPU
		{D19F6864-4F51-43D7-9BE3-A47ECC20915A}.ExportRelease|Any CPU.Build.0 = ExportRelease|Any CPU
	EndGlobalSection
EndGlobal
